<Solution>
  <Folder Name="/src/">
    <Project Path="src/DeskMakeover.App/DeskMakeover.App.csproj" />
    <Project Path="src/DeskMakeover.Core/DeskMakeover.Core.csproj" />
    <Project Path="src/DeskMakeover.ElevatedHelper/DeskMakeover.ElevatedHelper.csproj" />
    <Project Path="src/DeskMakeover.IconRendering/DeskMakeover.IconRendering.csproj" />
    <Project Path="src/DeskMakeover.Operations/DeskMakeover.Operations.csproj" />
    <Project Path="src/DeskMakeover.Shell/DeskMakeover.Shell.csproj" />
  </Folder>
  <Folder Name="/tests/">
    <Project Path="tests/DeskMakeover.App.Tests/DeskMakeover.App.Tests.csproj" />
    <Project Path="tests/DeskMakeover.Core.Tests/DeskMakeover.Core.Tests.csproj" />
    <Project Path="tests/DeskMakeover.E2E/DeskMakeover.E2E.csproj" />
    <Project Path="tests/DeskMakeover.IconRendering.Tests/DeskMakeover.IconRendering.Tests.csproj" />
    <Project Path="tests/DeskMakeover.Operations.Tests/DeskMakeover.Operations.Tests.csproj" />
    <Project Path="tests/DeskMakeover.Shell.Tests/DeskMakeover.Shell.Tests.csproj" />
  </Folder>
</Solution>
